
Microsoft Visual Studio Solution File, Format Version 12.00
# Visual Studio 14
VisualStudioVersion = 14.0.25420.1
MinimumVisualStudioVersion = 10.0.40219.1
Project("{FAE04EC0-301F-11D3-BF4B-00C04F79EFBC}") = "Roundhouse", "Roundhouse\Roundhouse.csproj", "{B9D448CC-3680-4A97-9366-944FCB4A0FC5}"
EndProject
Project("{FAE04EC0-301F-11D3-BF4B-00C04F79EFBC}") = "Roundhouse.Database", "Roundhouse.Database\Roundhouse.Database.csproj", "{10100544-B804-4918-AC0F-1FC5848BAFD6}"
EndProject
Project("{FAE04EC0-301F-11D3-BF4B-00C04F79EFBC}") = "Build", "Build\Build.csproj", "{72066668-109C-496D-B081-08C106B67748}"
EndProject
Global
	GlobalSection(SolutionConfigurationPlatforms) = preSolution
		Debug|Any CPU = Debug|Any CPU
		Release|Any CPU = Release|Any CPU
	EndGlobalSection
	GlobalSection(ProjectConfigurationPlatforms) = postSolution
		{B9D448CC-3680-4A97-9366-944FCB4A0FC5}.Debug|Any CPU.ActiveCfg = Debug|Any CPU
		{B9D448CC-3680-4A97-9366-944FCB4A0FC5}.Debug|Any CPU.Build.0 = Debug|Any CPU
		{B9D448CC-3680-4A97-9366-944FCB4A0FC5}.Release|Any CPU.ActiveCfg = Release|Any CPU
		{B9D448CC-3680-4A97-9366-944FCB4A0FC5}.Release|Any CPU.Build.0 = Release|Any CPU
		{10100544-B804-4918-AC0F-1FC5848BAFD6}.Debug|Any CPU.ActiveCfg = Debug|Any CPU
		{10100544-B804-4918-AC0F-1FC5848BAFD6}.Debug|Any CPU.Build.0 = Debug|Any CPU
		{10100544-B804-4918-AC0F-1FC5848BAFD6}.Release|Any CPU.ActiveCfg = Release|Any CPU
		{10100544-B804-4918-AC0F-1FC5848BAFD6}.Release|Any CPU.Build.0 = Release|Any CPU
		{72066668-109C-496D-B081-08C106B67748}.Debug|Any CPU.ActiveCfg = Debug|Any CPU
		{72066668-109C-496D-B081-08C106B67748}.Debug|Any CPU.Build.0 = Debug|Any CPU
		{72066668-109C-496D-B081-08C106B67748}.Release|Any CPU.ActiveCfg = Release|Any CPU
		{72066668-109C-496D-B081-08C106B67748}.Release|Any CPU.Build.0 = Release|Any CPU
	EndGlobalSection
	GlobalSection(SolutionProperties) = preSolution
		HideSolutionNode = FALSE
	EndGlobalSection
EndGlobal
